
Microsoft Visual Studio Solution File, Format Version 12.00
# Visual Studio Version 17
VisualStudioVersion = 17.6.33815.320
MinimumVisualStudioVersion = 10.0.40219.1
Project("{9A19103F-16F7-4668-BE54-9A1E7A4F7556}") = "TSeb.Library.Management.ConsoleApp", "src_console\TSeb.Library.Management.ConsoleApp\TSeb.Library.Management.ConsoleApp.csproj", "{BD770A62-E63D-4BD6-9632-AA33FED01510}"
EndProject
Project("{2150E333-8FDC-42A3-9474-1A3956D46DE8}") = "Console App", "Console App", "{54D7F3AC-070E-415E-8115-B8CAAA08ABCE}"
EndProject
Project("{9A19103F-16F7-4668-BE54-9A1E7A4F7556}") = "TSeb.Library.Data", "core\TSeb.Library.Data\TSeb.Library.Data.csproj", "{E4E97029-A467-4E93-B2E7-2B42ED828A36}"
EndProject
Project("{2150E333-8FDC-42A3-9474-1A3956D46DE8}") = "Core", "Core", "{71F2265E-71F6-4273-9AA0-40954F35F9F1}"
EndProject
Project("{9A19103F-16F7-4668-BE54-9A1E7A4F7556}") = "TSeb.Library.Shared", "core\TSeb.Library.Shared\TSeb.Library.Shared.csproj", "{C9D6F203-A3C2-454C-AFCC-247D96B5374F}"
EndProject
Project("{9A19103F-16F7-4668-BE54-9A1E7A4F7556}") = "TSeb.Library.Core", "core\TSeb.Library.Core\TSeb.Library.Core.csproj", "{D5EA2AC8-7606-4C49-9B1B-D6E27D22CA03}"
EndProject
Project("{2150E333-8FDC-42A3-9474-1A3956D46DE8}") = "Extended", "Extended", "{D75B5E64-E1A6-4581-8289-DD101301A17B}"
EndProject
Project("{FAE04EC0-301F-11D3-BF4B-00C04F79EFBC}") = "TSeb.Library.Management.Api", "src_extended\TSeb.Library.Management.Api\TSeb.Library.Management.Api.csproj", "{455DB982-AFFD-4650-B79A-83C5581C7229}"
EndProject
Project("{FAE04EC0-301F-11D3-BF4B-00C04F79EFBC}") = "TSeb.Library.Management.RazorPages.Mvc", "src_extended\TSeb.Library.Management.RazorPages.Mvc\TSeb.Library.Management.RazorPages.Mvc.csproj", "{BDB9D997-B4E8-4202-8485-74C8444A2E50}"
EndProject
Global
	GlobalSection(SolutionConfigurationPlatforms) = preSolution
		Debug|Any CPU = Debug|Any CPU
		Release|Any CPU = Release|Any CPU
	EndGlobalSection
	GlobalSection(ProjectConfigurationPlatforms) = postSolution
		{BD770A62-E63D-4BD6-9632-AA33FED01510}.Debug|Any CPU.ActiveCfg = Debug|Any CPU
		{BD770A62-E63D-4BD6-9632-AA33FED01510}.Debug|Any CPU.Build.0 = Debug|Any CPU
		{BD770A62-E63D-4BD6-9632-AA33FED01510}.Release|Any CPU.ActiveCfg = Release|Any CPU
		{BD770A62-E63D-4BD6-9632-AA33FED01510}.Release|Any CPU.Build.0 = Release|Any CPU
		{E4E97029-A467-4E93-B2E7-2B42ED828A36}.Debug|Any CPU.ActiveCfg = Debug|Any CPU
		{E4E97029-A467-4E93-B2E7-2B42ED828A36}.Debug|Any CPU.Build.0 = Debug|Any CPU
		{E4E97029-A467-4E93-B2E7-2B42ED828A36}.Release|Any CPU.ActiveCfg = Release|Any CPU
		{E4E97029-A467-4E93-B2E7-2B42ED828A36}.Release|Any CPU.Build.0 = Release|Any CPU
		{C9D6F203-A3C2-454C-AFCC-247D96B5374F}.Debug|Any CPU.ActiveCfg = Debug|Any CPU
		{C9D6F203-A3C2-454C-AFCC-247D96B5374F}.Debug|Any CPU.Build.0 = Debug|Any CPU
		{C9D6F203-A3C2-454C-AFCC-247D96B5374F}.Release|Any CPU.ActiveCfg = Release|Any CPU
		{C9D6F203-A3C2-454C-AFCC-247D96B5374F}.Release|Any CPU.Build.0 = Release|Any CPU
		{D5EA2AC8-7606-4C49-9B1B-D6E27D22CA03}.Debug|Any CPU.ActiveCfg = Debug|Any CPU
		{D5EA2AC8-7606-4C49-9B1B-D6E27D22CA03}.Debug|Any CPU.Build.0 = Debug|Any CPU
		{D5EA2AC8-7606-4C49-9B1B-D6E27D22CA03}.Release|Any CPU.ActiveCfg = Release|Any CPU
		{D5EA2AC8-7606-4C49-9B1B-D6E27D22CA03}.Release|Any CPU.Build.0 = Release|Any CPU
		{455DB982-AFFD-4650-B79A-83C5581C7229}.Debug|Any CPU.ActiveCfg = Debug|Any CPU
		{455DB982-AFFD-4650-B79A-83C5581C7229}.Debug|Any CPU.Build.0 = Debug|Any CPU
		{455DB982-AFFD-4650-B79A-83C5581C7229}.Release|Any CPU.ActiveCfg = Release|Any CPU
		{455DB982-AFFD-4650-B79A-83C5581C7229}.Release|Any CPU.Build.0 = Release|Any CPU
		{BDB9D997-B4E8-4202-8485-74C8444A2E50}.Debug|Any CPU.ActiveCfg = Debug|Any CPU
		{BDB9D997-B4E8-4202-8485-74C8444A2E50}.Debug|Any CPU.Build.0 = Debug|Any CPU
		{BDB9D997-B4E8-4202-8485-74C8444A2E50}.Release|Any CPU.ActiveCfg = Release|Any CPU
		{BDB9D997-B4E8-4202-8485-74C8444A2E50}.Release|Any CPU.Build.0 = Release|Any CPU
	EndGlobalSection
	GlobalSection(SolutionProperties) = preSolution
		HideSolutionNode = FALSE
	EndGlobalSection
	GlobalSection(NestedProjects) = preSolution
		{BD770A62-E63D-4BD6-9632-AA33FED01510} = {54D7F3AC-070E-415E-8115-B8CAAA08ABCE}
		{E4E97029-A467-4E93-B2E7-2B42ED828A36} = {71F2265E-71F6-4273-9AA0-40954F35F9F1}
		{C9D6F203-A3C2-454C-AFCC-247D96B5374F} = {71F2265E-71F6-4273-9AA0-40954F35F9F1}
		{D5EA2AC8-7606-4C49-9B1B-D6E27D22CA03} = {71F2265E-71F6-4273-9AA0-40954F35F9F1}
		{455DB982-AFFD-4650-B79A-83C5581C7229} = {D75B5E64-E1A6-4581-8289-DD101301A17B}
		{BDB9D997-B4E8-4202-8485-74C8444A2E50} = {D75B5E64-E1A6-4581-8289-DD101301A17B}
	EndGlobalSection
	GlobalSection(ExtensibilityGlobals) = postSolution
		SolutionGuid = {926B52BB-4B40-4577-9AB8-CF8EF4230064}
	EndGlobalSection
EndGlobal
